{
    "name": "watchf.-no.1",
    "version": "1.0.0",
    "lockfileVersion": 3,
    "requires": true,
    "packages": {
        "": {
            "name": "watchf.-no.1",
            "version": "1.0.0",
            "dependencies": {
                "pebble-clay": "^1.0.4",
                "pebble-effect-layer": "^1.1.4",
                "pebble-gbitmap-lib": "^1.0.4"
            }
        },
        "node_modules/pebble-clay": {
            "version": "1.0.4",
            "resolved": "https://registry.npmjs.org/pebble-clay/-/pebble-clay-1.0.4.tgz",
            "integrity": "sha512-/rXxmltdW8JyohDzXINdea+d2wnFJVNFiTXfuZsKpySURZSCFMMucX9sZPZvbHnEA4xFINM4iicyhBbvY4ALfw==",
            "license": "MIT"
        },
        "node_modules/pebble-effect-layer": {
            "version": "1.2.0",
            "resolved": "https://registry.npmjs.org/pebble-effect-layer/-/pebble-effect-layer-1.2.0.tgz",
            "integrity": "sha512-AMbf4ooRCy/olsf3M5xOgILP+NSvfGlt12I0KAK0cD2F+dbx2gj24/xe9qINJVEhdfel624tP4jzjPJYMsR4Pw==",
            "license": "MIT"
        },
        "node_modules/pebble-gbitmap-lib": {
            "version": "1.0.4",
            "resolved": "https://registry.npmjs.org/pebble-gbitmap-lib/-/pebble-gbitmap-lib-1.0.4.tgz",
            "integrity": "sha512-cIcJh3slp9TwszIiqARWU46q1rhT58T784PaZ3K5P368kNHBj8VEk8tqq4/K5JMwrWiMKE1j+JdzxuudnkUERg==",
            "license": "MIT"
        }
    }
}
